name: Backup Package Lock

on:
  schedule:
    - cron: '0 19 * * *' # Run every day at 7 PM
  workflow_dispatch:

env:
  NODE_VERSION: '18'
  POSTGRES_VERSION: '15'

jobs:
  backup-package-lock:
    name: Backup Package Lock
    runs-on: ubuntu-latest

    steps:
      - name: Checkout code
        uses: actions/checkout@v4

      - name: Setup Node.js
        uses: actions/setup-node@v4
        with:
          node-version: ${{ env.NODE_VERSION }}
          cache: 'npm'

      - name: Install dependencies
        run: npm ci

      - name: Backup package-lock
        run: |
          echo "Backing up package-lock..."
          # Add package-lock backup logic here
          echo "Package lock backup completed ✅"

  backup-tsconfig:
    name: Backup TSConfig
    runs-on: ubuntu-latest

    steps:
      - name: Checkout code
        uses: actions/checkout@v4

      - name: Setup Node.js
        uses: actions/setup-node@v4
        with:
          node-version: ${{ env.NODE_VERSION }}
          cache: 'npm'

      - name: Install dependencies
        run: npm ci

      - name: Backup tsconfig
        run: |
          echo "Backing up tsconfig..."
          # Add tsconfig backup logic here
          echo "TSConfig backup completed ✅"
